
Microsoft Visual Studio Solution File, Format Version 12.00
Project("{FAE04EC0-301F-11D3-BF4B-00C04F79EFBC}") = "SharperMC.Core", "SharperMC.Core\SharperMC.Core.csproj", "{4DEA6648-D2B8-4C18-99EF-AC96E06D7A09}"
EndProject
Project("{FAE04EC0-301F-11D3-BF4B-00C04F79EFBC}") = "SharperMC", "SharperMC\SharperMC.csproj", "{2B6822BC-4EC5-40A8-8096-0253A2D5A3DF}"
EndProject
Global
	GlobalSection(SolutionConfigurationPlatforms) = preSolution
		Debug|Any CPU = Debug|Any CPU
		Release|Any CPU = Release|Any CPU
	EndGlobalSection
	GlobalSection(ProjectConfigurationPlatforms) = postSolution
		{4DEA6648-D2B8-4C18-99EF-AC96E06D7A09}.Debug|Any CPU.ActiveCfg = Debug|Any CPU
		{4DEA6648-D2B8-4C18-99EF-AC96E06D7A09}.Debug|Any CPU.Build.0 = Debug|Any CPU
		{4DEA6648-D2B8-4C18-99EF-AC96E06D7A09}.Release|Any CPU.ActiveCfg = Release|Any CPU
		{4DEA6648-D2B8-4C18-99EF-AC96E06D7A09}.Release|Any CPU.Build.0 = Release|Any CPU
		{2B6822BC-4EC5-40A8-8096-0253A2D5A3DF}.Debug|Any CPU.ActiveCfg = Debug|Any CPU
		{2B6822BC-4EC5-40A8-8096-0253A2D5A3DF}.Debug|Any CPU.Build.0 = Debug|Any CPU
		{2B6822BC-4EC5-40A8-8096-0253A2D5A3DF}.Release|Any CPU.ActiveCfg = Release|Any CPU
		{2B6822BC-4EC5-40A8-8096-0253A2D5A3DF}.Release|Any CPU.Build.0 = Release|Any CPU
	EndGlobalSection
EndGlobal
